{
  "name": "custom-source",
  "lockfileVersion": 3,
  "requires": true,
  "packages": {
    "": {
      "dependencies": {
        "tailwindcss": "file:/Users/philipp/dev/tailwindcss/dist/tailwindcss.tgz"
      }
    },
    "node_modules/tailwindcss": {
      "version": "4.0.0-alpha.18",
      "resolved": "file:../../../../../../../tailwindcss/dist/tailwindcss.tgz",
      "integrity": "sha512-AQnvDDzGzMBGT4gfMabcL+x4OEY5jbuRnndx5Kb5hsaE1jXERvGx/RHNwOo3pDdAJbowZko4dZTWFkLnFbcdtQ==",
      "license": "MIT"
    }
  }
}
