{
  "name": "custom-source",
  "lockfileVersion": 3,
  "requires": true,
  "packages": {
    "": {
      "dependencies": {
        "tailwindcss": "^4.0.0-alpha.21"
      }
    },
    "node_modules/tailwindcss": {
      "version": "4.0.0-alpha.21",
      "resolved": "https://registry.npmjs.org/tailwindcss/-/tailwindcss-4.0.0-alpha.21.tgz",
      "integrity": "sha512-Ps3oqLhvjPt/XSm4dx4ky4sYkCSMHfn7JWattsEQyFkbLYo77t4/FOnRuQzjATLCMQz10e/HbZYjosSD/pBfSg=="
    }
  }
}
