{
  "name": "auto-content-split",
  "lockfileVersion": 3,
  "requires": true,
  "packages": {
    "": {
      "dependencies": {
        "@tailwindcss/oxide": "^4.0.0-beta.9",
        "tailwindcss": "^4.0.0-beta.9"
      }
    },
    "node_modules/@tailwindcss/oxide": {
      "version": "4.0.0-beta.9",
      "resolved": "https://registry.npmjs.org/@tailwindcss/oxide/-/oxide-4.0.0-beta.9.tgz",
      "integrity": "sha512-1bpui84CDnrjB6TI3AGR9jYUA28+VIfkrM4BH3+VXA9B80+cARtd3ON06ouA5/r/2xs4qe+T85Z1c0k5X6vLeA==",
      "license": "MIT",
      "engines": {
        "node": ">= 10"
      },
      "optionalDependencies": {
        "@tailwindcss/oxide-android-arm64": "4.0.0-beta.9",
        "@tailwindcss/oxide-darwin-arm64": "4.0.0-beta.9",
        "@tailwindcss/oxide-darwin-x64": "4.0.0-beta.9",
        "@tailwindcss/oxide-freebsd-x64": "4.0.0-beta.9",
        "@tailwindcss/oxide-linux-arm-gnueabihf": "4.0.0-beta.9",
        "@tailwindcss/oxide-linux-arm64-gnu": "4.0.0-beta.9",
        "@tailwindcss/oxide-linux-arm64-musl": "4.0.0-beta.9",
        "@tailwindcss/oxide-linux-x64-gnu": "4.0.0-beta.9",
        "@tailwindcss/oxide-linux-x64-musl": "4.0.0-beta.9",
        "@tailwindcss/oxide-win32-arm64-msvc": "4.0.0-beta.9",
        "@tailwindcss/oxide-win32-x64-msvc": "4.0.0-beta.9"
      }
    },
    "node_modules/@tailwindcss/oxide-android-arm64": {
      "version": "4.0.0-beta.9",
      "resolved": "https://registry.npmjs.org/@tailwindcss/oxide-android-arm64/-/oxide-android-arm64-4.0.0-beta.9.tgz",
      "integrity": "sha512-MiDpTfYvRozM+40mV2wh7GCxyEj7zIOtX3bRNaJgu0adxzZaKkylks46kBY8X91NV3ch6CQSf9Zlr0vi4U5qdw==",
      "cpu": [
        "arm64"
      ],
      "license": "MIT",
      "optional": true,
      "os": [
        "android"
      ],
      "engines": {
        "node": ">= 10"
      }
    },
    "node_modules/@tailwindcss/oxide-darwin-arm64": {
      "version": "4.0.0-beta.9",
      "resolved": "https://registry.npmjs.org/@tailwindcss/oxide-darwin-arm64/-/oxide-darwin-arm64-4.0.0-beta.9.tgz",
      "integrity": "sha512-SjdLul42NElqSHO5uINXylMNDx4KjtN3iB2o5nv0dFJV119DB0rxSCswgSEfigqyMXLyOAw3dwdoJIUFiw5Sdg==",
      "cpu": [
        "arm64"
      ],
      "license": "MIT",
      "optional": true,
      "os": [
        "darwin"
      ],
      "engines": {
        "node": ">= 10"
      }
    },
    "node_modules/@tailwindcss/oxide-darwin-x64": {
      "version": "4.0.0-beta.9",
      "resolved": "https://registry.npmjs.org/@tailwindcss/oxide-darwin-x64/-/oxide-darwin-x64-4.0.0-beta.9.tgz",
      "integrity": "sha512-pmAs3H+pYUxAYbz2y7Q2tIfcNVlnPiikZN0SejF7JaDROg4PhQsWWpvlzHZZvD6CuyFCRXayudG8PwpJSk29dg==",
      "cpu": [
        "x64"
      ],
      "license": "MIT",
      "optional": true,
      "os": [
        "darwin"
      ],
      "engines": {
        "node": ">= 10"
      }
    },
    "node_modules/@tailwindcss/oxide-freebsd-x64": {
      "version": "4.0.0-beta.9",
      "resolved": "https://registry.npmjs.org/@tailwindcss/oxide-freebsd-x64/-/oxide-freebsd-x64-4.0.0-beta.9.tgz",
      "integrity": "sha512-l39LttvdeeueMxuVNn1Z/cNK1YMWNzoIUgTsHCgF2vhY9tl4R+QcSwlviAkvw4AkiAC4El84pGBBVGswyWa8Rw==",
      "cpu": [
        "x64"
      ],
      "license": "MIT",
      "optional": true,
      "os": [
        "freebsd"
      ],
      "engines": {
        "node": ">= 10"
      }
    },
    "node_modules/@tailwindcss/oxide-linux-arm-gnueabihf": {
      "version": "4.0.0-beta.9",
      "resolved": "https://registry.npmjs.org/@tailwindcss/oxide-linux-arm-gnueabihf/-/oxide-linux-arm-gnueabihf-4.0.0-beta.9.tgz",
      "integrity": "sha512-sISzLGpVXNqOYJTo7KcdtUWQulZnW7cqFanBNbe8tCkS1KvlIuckC3MWAihLxpLrmobKh/Wv+wB1aE08VEfCww==",
      "cpu": [
        "arm"
      ],
      "license": "MIT",
      "optional": true,
      "os": [
        "linux"
      ],
      "engines": {
        "node": ">= 10"
      }
    },
    "node_modules/@tailwindcss/oxide-linux-arm64-gnu": {
      "version": "4.0.0-beta.9",
      "resolved": "https://registry.npmjs.org/@tailwindcss/oxide-linux-arm64-gnu/-/oxide-linux-arm64-gnu-4.0.0-beta.9.tgz",
      "integrity": "sha512-8nmeXyBchcqzQtyqjnmMxlLyxBPd+bwlnr5tDr3w6yol0z7Yrfz3T6L4QoZ4TbfhE26t6qWsUa+WQlzMJKsazg==",
      "cpu": [
        "arm64"
      ],
      "license": "MIT",
      "optional": true,
      "os": [
        "linux"
      ],
      "engines": {
        "node": ">= 10"
      }
    },
    "node_modules/@tailwindcss/oxide-linux-arm64-musl": {
      "version": "4.0.0-beta.9",
      "resolved": "https://registry.npmjs.org/@tailwindcss/oxide-linux-arm64-musl/-/oxide-linux-arm64-musl-4.0.0-beta.9.tgz",
      "integrity": "sha512-x+Vr4SnZayMj5PEFHL7MczrvjK7fYuv2LvakPfXoDYnAOmjhrjX5go3I0Q65uUPWiZxGcS/y0JgAtQqgHSKU8A==",
      "cpu": [
        "arm64"
      ],
      "license": "MIT",
      "optional": true,
      "os": [
        "linux"
      ],
      "engines": {
        "node": ">= 10"
      }
    },
    "node_modules/@tailwindcss/oxide-linux-x64-gnu": {
      "version": "4.0.0-beta.9",
      "resolved": "https://registry.npmjs.org/@tailwindcss/oxide-linux-x64-gnu/-/oxide-linux-x64-gnu-4.0.0-beta.9.tgz",
      "integrity": "sha512-4HpvDn3k5P623exDRbo9rjEXcIuHBj3ZV9YcnWJNE9QZ2vzKXGXxCxPuShTAg25JmH8z+b2whmFsnbxDqtgKhA==",
      "cpu": [
        "x64"
      ],
      "license": "MIT",
      "optional": true,
      "os": [
        "linux"
      ],
      "engines": {
        "node": ">= 10"
      }
    },
    "node_modules/@tailwindcss/oxide-linux-x64-musl": {
      "version": "4.0.0-beta.9",
      "resolved": "https://registry.npmjs.org/@tailwindcss/oxide-linux-x64-musl/-/oxide-linux-x64-musl-4.0.0-beta.9.tgz",
      "integrity": "sha512-RgJrSk7uAt5QC7ez0p0uNcd/Z0yoXuBL9VvMnZVdEMDA7dcf1/zMCcFt3p2nGsGY7q2qp0hULdBEhsRP2Gq0cw==",
      "cpu": [
        "x64"
      ],
      "license": "MIT",
      "optional": true,
      "os": [
        "linux"
      ],
      "engines": {
        "node": ">= 10"
      }
    },
    "node_modules/@tailwindcss/oxide-win32-arm64-msvc": {
      "version": "4.0.0-beta.9",
      "resolved": "https://registry.npmjs.org/@tailwindcss/oxide-win32-arm64-msvc/-/oxide-win32-arm64-msvc-4.0.0-beta.9.tgz",
      "integrity": "sha512-FCpprAxJqDT27C2OaJTAR06+BsmHS2gW7Wu0lC9E6DwiizYP0YjSVFeYvnkluE5O2J4uVR3X2GAaqxbtG4z9Ug==",
      "cpu": [
        "arm64"
      ],
      "license": "MIT",
      "optional": true,
      "os": [
        "win32"
      ],
      "engines": {
        "node": ">= 10"
      }
    },
    "node_modules/@tailwindcss/oxide-win32-x64-msvc": {
      "version": "4.0.0-beta.9",
      "resolved": "https://registry.npmjs.org/@tailwindcss/oxide-win32-x64-msvc/-/oxide-win32-x64-msvc-4.0.0-beta.9.tgz",
      "integrity": "sha512-KOf2YKFwrvFVX+RNJsYVC6tsWBxDMTX7/u4SpUepqkwVgq2yCObx/Sqt820lXuKgGJ9dKsTYF2wvMUGom7B71A==",
      "cpu": [
        "x64"
      ],
      "license": "MIT",
      "optional": true,
      "os": [
        "win32"
      ],
      "engines": {
        "node": ">= 10"
      }
    },
    "node_modules/tailwindcss": {
      "version": "4.0.0-beta.9",
      "resolved": "https://registry.npmjs.org/tailwindcss/-/tailwindcss-4.0.0-beta.9.tgz",
      "integrity": "sha512-96KpsfQi+/sFIOfyFnGzyy5pobuzf1iMBD9NVtelerPM/lPI2XUS4Kikw9yuKRniXXw77ov1sl7gCSKLsn6CJA==",
      "license": "MIT"
    }
  }
}
