{
  "name": "invalid-import-order",
  "lockfileVersion": 3,
  "requires": true,
  "packages": {
    "": {
      "dependencies": {
        "tailwindcss": "4.1.1"
      }
    },
    "node_modules/tailwindcss": {
      "version": "4.1.1",
      "resolved": "https://registry.npmjs.org/tailwindcss/-/tailwindcss-4.1.1.tgz",
      "integrity": "sha512-QNbdmeS979Efzim2g/bEvfuh+fTcIdp1y7gA+sb6OYSW74rt7Cr7M78AKdf6HqWT3d5AiTb7SwTT3sLQxr4/qw==",
      "license": "MIT"
    }
  }
}
