{
  "name": "workspaces",
  "lockfileVersion": 3,
  "requires": true,
  "packages": {
    "": {
      "workspaces": [
        "packages/*"
      ],
      "dependencies": {
        "tailwindcss": "file:tailwindcss-4.0.0.tgz"
      }
    },
    "node_modules/@private/admin": {
      "resolved": "packages/admin",
      "link": true
    },
    "node_modules/@private/shared": {
      "resolved": "packages/shared",
      "link": true
    },
    "node_modules/@private/web": {
      "resolved": "packages/web",
      "link": true
    },
    "node_modules/detect-libc": {
      "version": "1.0.3",
      "resolved": "https://registry.npmjs.org/detect-libc/-/detect-libc-1.0.3.tgz",
      "integrity": "sha512-pGjwhsmsp4kL2RTz08wcOlGN83otlqHeD/Z5T8GXZB+/YcpQ/dgo+lbU8ZsGxV0HIvqqxo9l7mqYwyYMD9bKDg==",
      "bin": {
        "detect-libc": "bin/detect-libc.js"
      },
      "engines": {
        "node": ">=0.10"
      }
    },
    "node_modules/lightningcss": {
      "version": "1.23.0",
      "resolved": "https://registry.npmjs.org/lightningcss/-/lightningcss-1.23.0.tgz",
      "integrity": "sha512-SEArWKMHhqn/0QzOtclIwH5pXIYQOUEkF8DgICd/105O+GCgd7jxjNod/QPnBCSWvpRHQBGVz5fQ9uScby03zA==",
      "dependencies": {
        "detect-libc": "^1.0.3"
      },
      "engines": {
        "node": ">= 12.0.0"
      },
      "funding": {
        "type": "opencollective",
        "url": "https://opencollective.com/parcel"
      },
      "optionalDependencies": {
        "lightningcss-darwin-arm64": "1.23.0",
        "lightningcss-darwin-x64": "1.23.0",
        "lightningcss-freebsd-x64": "1.23.0",
        "lightningcss-linux-arm-gnueabihf": "1.23.0",
        "lightningcss-linux-arm64-gnu": "1.23.0",
        "lightningcss-linux-arm64-musl": "1.23.0",
        "lightningcss-linux-x64-gnu": "1.23.0",
        "lightningcss-linux-x64-musl": "1.23.0",
        "lightningcss-win32-x64-msvc": "1.23.0"
      }
    },
    "node_modules/lightningcss-darwin-arm64": {
      "version": "1.23.0",
      "resolved": "https://registry.npmjs.org/lightningcss-darwin-arm64/-/lightningcss-darwin-arm64-1.23.0.tgz",
      "integrity": "sha512-kl4Pk3Q2lnE6AJ7Qaij47KNEfY2/UXRZBT/zqGA24B8qwkgllr/j7rclKOf1axcslNXvvUdztjo4Xqh39Yq1aA==",
      "cpu": [
        "arm64"
      ],
      "optional": true,
      "os": [
        "darwin"
      ],
      "engines": {
        "node": ">= 12.0.0"
      },
      "funding": {
        "type": "opencollective",
        "url": "https://opencollective.com/parcel"
      }
    },
    "node_modules/tailwindcss": {
      "version": "4.0.0",
      "resolved": "file:tailwindcss-4.0.0.tgz",
      "integrity": "sha512-arjYGnrdCgHvtrMSXJoNXy/CL/Ahpr08zlV51UapKkvP0snA/RIW36o1mdozKJPIW6x0c8ZWyAcZXdZgDArn+g==",
      "license": "MIT",
      "dependencies": {
        "lightningcss": "^1.23.0"
      },
      "bin": {
        "tailwindcss": "dist/cli.js"
      }
    },
    "packages/admin": {},
    "packages/shared": {},
    "packages/web": {}
  }
}
