{
  "name": "workspaces",
  "lockfileVersion": 3,
  "requires": true,
  "packages": {
    "": {
      "workspaces": [
        "packages/*"
      ],
      "dependencies": {
        "tailwindcss": "4.1.18"
      }
    },
    "node_modules/@private/admin": {
      "resolved": "packages/admin",
      "link": true
    },
    "node_modules/@private/shared": {
      "resolved": "packages/shared",
      "link": true
    },
    "node_modules/@private/style-export": {
      "resolved": "packages/style-export",
      "link": true
    },
    "node_modules/@private/style-main-field": {
      "resolved": "packages/style-main-field",
      "link": true
    },
    "node_modules/@private/web": {
      "resolved": "packages/web",
      "link": true
    },
    "node_modules/tailwindcss": {
      "version": "4.1.18",
      "resolved": "https://registry.npmjs.org/tailwindcss/-/tailwindcss-4.1.18.tgz",
      "integrity": "sha512-4+Z+0yiYyEtUVCScyfHCxOYP06L5Ne+JiHhY2IjR2KWMIWhJOYZKLSGZaP5HkZ8+bY0cxfzwDE5uOmzFXyIwxw==",
      "license": "MIT"
    },
    "packages/admin": {
      "name": "@private/admin"
    },
    "packages/shared": {
      "name": "@private/shared"
    },
    "packages/style-export": {
      "name": "@private/style-export"
    },
    "packages/style-main-field": {
      "name": "@private/style-main-field"
    },
    "packages/web": {
      "name": "@private/web"
    }
  }
}
