{
  "name": "basic",
  "lockfileVersion": 3,
  "requires": true,
  "packages": {
    "": {
      "dependencies": {
        "tailwindcss": "^4.0.0-alpha.9"
      }
    },
    "node_modules/tailwindcss": {
      "version": "4.0.0-alpha.9",
      "resolved": "https://registry.npmjs.org/tailwindcss/-/tailwindcss-4.0.0-alpha.9.tgz",
      "integrity": "sha512-y0fM8FgMWyc/gbzd3Ag3TmNtXSwIC9gLIe7J1g8/KzkApL0UFPYt/T/Z29CbvTYVlPEf/QOSNsGM63qeip9jzw=="
    }
  }
}
