{
  "name": "basic",
  "lockfileVersion": 3,
  "requires": true,
  "packages": {
    "": {
      "dependencies": {
        "tailwindcss": "^4.0.0-alpha.16"
      }
    },
    "node_modules/tailwindcss": {
      "version": "4.0.0-alpha.16",
      "resolved": "https://registry.npmjs.org/tailwindcss/-/tailwindcss-4.0.0-alpha.16.tgz",
      "integrity": "sha512-h6UIkQEpOJZy0N8tXeWgIhsEYPfUyqST9Oidr46+1W78p8S9hjJDfnW08/bKW17NA9/ro8sZvFHT98LtwwxtSQ=="
    }
  }
}
