{
  "name": "multi-config",
  "lockfileVersion": 3,
  "requires": true,
  "packages": {
    "": {
      "dependencies": {
        "tailwindcss": "file:tailwindcss-0.0.0-development.4.tgz"
      }
    },
    "node_modules/detect-libc": {
      "version": "1.0.3",
      "resolved": "https://registry.npmjs.org/detect-libc/-/detect-libc-1.0.3.tgz",
      "integrity": "sha512-pGjwhsmsp4kL2RTz08wcOlGN83otlqHeD/Z5T8GXZB+/YcpQ/dgo+lbU8ZsGxV0HIvqqxo9l7mqYwyYMD9bKDg==",
      "bin": {
        "detect-libc": "bin/detect-libc.js"
      },
      "engines": {
        "node": ">=0.10"
      }
    },
    "node_modules/lightningcss": {
      "version": "1.24.0",
      "resolved": "https://registry.npmjs.org/lightningcss/-/lightningcss-1.24.0.tgz",
      "integrity": "sha512-y36QEEDVx4IM7/yIZNsZJMRREIu26WzTsauIysf5s76YeCmlSbRZS7aC97IGPuoFRnyZ5Wx43OBsQBFB5Ne7ng==",
      "dependencies": {
        "detect-libc": "^1.0.3"
      },
      "engines": {
        "node": ">= 12.0.0"
      },
      "funding": {
        "type": "opencollective",
        "url": "https://opencollective.com/parcel"
      },
      "optionalDependencies": {
        "lightningcss-darwin-arm64": "1.24.0",
        "lightningcss-darwin-x64": "1.24.0",
        "lightningcss-freebsd-x64": "1.24.0",
        "lightningcss-linux-arm-gnueabihf": "1.24.0",
        "lightningcss-linux-arm64-gnu": "1.24.0",
        "lightningcss-linux-arm64-musl": "1.24.0",
        "lightningcss-linux-x64-gnu": "1.24.0",
        "lightningcss-linux-x64-musl": "1.24.0",
        "lightningcss-win32-x64-msvc": "1.24.0"
      }
    },
    "node_modules/lightningcss-darwin-arm64": {
      "version": "1.24.0",
      "resolved": "https://registry.npmjs.org/lightningcss-darwin-arm64/-/lightningcss-darwin-arm64-1.24.0.tgz",
      "integrity": "sha512-rTNPkEiynOu4CfGdd5ZfVOQe2gd2idfQd4EfX1l2ZUUwd+2SwSdbb7cG4rlwfnZckbzCAygm85xkpekRE5/wFw==",
      "cpu": [
        "arm64"
      ],
      "optional": true,
      "os": [
        "darwin"
      ],
      "engines": {
        "node": ">= 12.0.0"
      },
      "funding": {
        "type": "opencollective",
        "url": "https://opencollective.com/parcel"
      }
    },
    "node_modules/lightningcss-darwin-x64": {
      "version": "1.24.0",
      "resolved": "https://registry.npmjs.org/lightningcss-darwin-x64/-/lightningcss-darwin-x64-1.24.0.tgz",
      "integrity": "sha512-4KCeF2RJjzp9xdGY8zIH68CUtptEg8uz8PfkHvsIdrP4t9t5CIgfDBhiB8AmuO75N6SofdmZexDZIKdy9vA7Ww==",
      "cpu": [
        "x64"
      ],
      "optional": true,
      "os": [
        "darwin"
      ],
      "engines": {
        "node": ">= 12.0.0"
      },
      "funding": {
        "type": "opencollective",
        "url": "https://opencollective.com/parcel"
      }
    },
    "node_modules/lightningcss-freebsd-x64": {
      "version": "1.24.0",
      "resolved": "https://registry.npmjs.org/lightningcss-freebsd-x64/-/lightningcss-freebsd-x64-1.24.0.tgz",
      "integrity": "sha512-FJAYlek1wXuVTsncNU0C6YD41q126dXcIUm97KAccMn9C4s/JfLSqGWT2gIzAblavPFkyGG2gIADTWp3uWfN1g==",
      "cpu": [
        "x64"
      ],
      "optional": true,
      "os": [
        "freebsd"
      ],
      "engines": {
        "node": ">= 12.0.0"
      },
      "funding": {
        "type": "opencollective",
        "url": "https://opencollective.com/parcel"
      }
    },
    "node_modules/lightningcss-linux-arm-gnueabihf": {
      "version": "1.24.0",
      "resolved": "https://registry.npmjs.org/lightningcss-linux-arm-gnueabihf/-/lightningcss-linux-arm-gnueabihf-1.24.0.tgz",
      "integrity": "sha512-N55K6JqzMx7C0hYUu1YmWqhkHwzEJlkQRMA6phY65noO0I1LOAvP4wBIoFWrzRE+O6zL0RmXJ2xppqyTbk3sYw==",
      "cpu": [
        "arm"
      ],
      "optional": true,
      "os": [
        "linux"
      ],
      "engines": {
        "node": ">= 12.0.0"
      },
      "funding": {
        "type": "opencollective",
        "url": "https://opencollective.com/parcel"
      }
    },
    "node_modules/lightningcss-linux-arm64-gnu": {
      "version": "1.24.0",
      "resolved": "https://registry.npmjs.org/lightningcss-linux-arm64-gnu/-/lightningcss-linux-arm64-gnu-1.24.0.tgz",
      "integrity": "sha512-MqqUB2TpYtFWeBvvf5KExDdClU3YGLW5bHKs50uKKootcvG9KoS7wYwd5UichS+W3mYLc5yXUPGD1DNWbLiYKw==",
      "cpu": [
        "arm64"
      ],
      "optional": true,
      "os": [
        "linux"
      ],
      "engines": {
        "node": ">= 12.0.0"
      },
      "funding": {
        "type": "opencollective",
        "url": "https://opencollective.com/parcel"
      }
    },
    "node_modules/lightningcss-linux-arm64-musl": {
      "version": "1.24.0",
      "resolved": "https://registry.npmjs.org/lightningcss-linux-arm64-musl/-/lightningcss-linux-arm64-musl-1.24.0.tgz",
      "integrity": "sha512-5wn4d9tFwa5bS1ao9mLexYVJdh3nn09HNIipsII6ZF7z9ZA5J4dOEhMgKoeCl891axTGTUYd8Kxn+Hn3XUSYRQ==",
      "cpu": [
        "arm64"
      ],
      "optional": true,
      "os": [
        "linux"
      ],
      "engines": {
        "node": ">= 12.0.0"
      },
      "funding": {
        "type": "opencollective",
        "url": "https://opencollective.com/parcel"
      }
    },
    "node_modules/lightningcss-linux-x64-gnu": {
      "version": "1.24.0",
      "resolved": "https://registry.npmjs.org/lightningcss-linux-x64-gnu/-/lightningcss-linux-x64-gnu-1.24.0.tgz",
      "integrity": "sha512-3j5MdTh+LSDF3o6uDwRjRUgw4J+IfDCVtdkUrJvKxL79qBLUujXY7CTe5X3IQDDLKEe/3wu49r8JKgxr0MfjbQ==",
      "cpu": [
        "x64"
      ],
      "optional": true,
      "os": [
        "linux"
      ],
      "engines": {
        "node": ">= 12.0.0"
      },
      "funding": {
        "type": "opencollective",
        "url": "https://opencollective.com/parcel"
      }
    },
    "node_modules/lightningcss-linux-x64-musl": {
      "version": "1.24.0",
      "resolved": "https://registry.npmjs.org/lightningcss-linux-x64-musl/-/lightningcss-linux-x64-musl-1.24.0.tgz",
      "integrity": "sha512-HI+rNnvaLz0o36z6Ki0gyG5igVGrJmzczxA5fznr6eFTj3cHORoR/j2q8ivMzNFR4UKJDkTWUH5LMhacwOHWBA==",
      "cpu": [
        "x64"
      ],
      "optional": true,
      "os": [
        "linux"
      ],
      "engines": {
        "node": ">= 12.0.0"
      },
      "funding": {
        "type": "opencollective",
        "url": "https://opencollective.com/parcel"
      }
    },
    "node_modules/lightningcss-win32-x64-msvc": {
      "version": "1.24.0",
      "resolved": "https://registry.npmjs.org/lightningcss-win32-x64-msvc/-/lightningcss-win32-x64-msvc-1.24.0.tgz",
      "integrity": "sha512-oeije/t7OZ5N9vSs6amyW/34wIYoBCpE6HUlsSKcP2SR1CVgx9oKEM00GtQmtqNnYiMIfsSm7+ppMb4NLtD5vg==",
      "cpu": [
        "x64"
      ],
      "optional": true,
      "os": [
        "win32"
      ],
      "engines": {
        "node": ">= 12.0.0"
      },
      "funding": {
        "type": "opencollective",
        "url": "https://opencollective.com/parcel"
      }
    },
    "node_modules/tailwindcss": {
      "version": "0.0.0-development.4",
      "resolved": "file:tailwindcss-0.0.0-development.4.tgz",
      "integrity": "sha512-Q3Cl9TN0YLrY+gny218ndKjqk7H7u6B/6c3SQbQlzoRy2SOIcESgm17/KSHv6atVsLsJ3rupTrtbV9PH8gPkKw==",
      "license": "MIT",
      "dependencies": {
        "lightningcss": "^1.24.0"
      },
      "bin": {
        "tailwindcss": "dist/cli.js"
      }
    }
  }
}
