{
  "name": "multi-config",
  "lockfileVersion": 3,
  "requires": true,
  "packages": {
    "": {
      "dependencies": {
        "tailwindcss": "^4.0.0-alpha.19"
      }
    },
    "node_modules/tailwindcss": {
      "version": "4.0.0-alpha.19",
      "resolved": "https://registry.npmjs.org/tailwindcss/-/tailwindcss-4.0.0-alpha.19.tgz",
      "integrity": "sha512-4k8i6ml9ZQaj4xmdTHA2ZVp4YGsA+9+8VsIj/VkwyD38J5jX3L3NSi7TnPvlYT+WXcqAJF7EX8x76yCTfi2CyA==",
      "license": "MIT"
    }
  }
}
