{
  "name": "multi-config",
  "lockfileVersion": 3,
  "requires": true,
  "packages": {
    "": {
      "dependencies": {
        "tailwindcss": "^4.0.0-alpha.12"
      }
    },
    "node_modules/tailwindcss": {
      "version": "4.0.0-alpha.12",
      "resolved": "https://registry.npmjs.org/tailwindcss/-/tailwindcss-4.0.0-alpha.12.tgz",
      "integrity": "sha512-ogYUtw4cs5z20eKU8S0YxlYeWgnZObl9BmOED0IAvKuECxPaEt9Expdghi7Hsvy+0ibHkeH/6dyZqzQBO/E4Bg=="
    }
  }
}
