{
  "name": "css-loading-js",
  "lockfileVersion": 3,
  "requires": true,
  "packages": {
    "": {
      "dependencies": {
        "tailwindcss": "^4.0.0-beta.9"
      }
    },
    "node_modules/tailwindcss": {
      "version": "4.0.0-beta.9",
      "resolved": "https://registry.npmjs.org/tailwindcss/-/tailwindcss-4.0.0-beta.9.tgz",
      "integrity": "sha512-96KpsfQi+/sFIOfyFnGzyy5pobuzf1iMBD9NVtelerPM/lPI2XUS4Kikw9yuKRniXXw77ov1sl7gCSKLsn6CJA==",
      "license": "MIT"
    }
  }
}
