{
  "name": "css-loading-js",
  "lockfileVersion": 3,
  "requires": true,
  "packages": {
    "": {
      "dependencies": {
        "tailwindcss": "^4.0.0-beta.6"
      }
    },
    "node_modules/tailwindcss": {
      "version": "4.0.0-beta.6",
      "resolved": "https://registry.npmjs.org/tailwindcss/-/tailwindcss-4.0.0-beta.6.tgz",
      "integrity": "sha512-eCCuMk3H65w4J/QWkjxfeWoBSKbCD3E6Uj2LA6Xkkl4eMa1MXuwVpIU1RXcLIp+BVsXGEZMP7i7uJig7KxfAXQ=="
    }
  }
}
