{
  "name": "css-loading-js",
  "lockfileVersion": 3,
  "requires": true,
  "packages": {
    "": {
      "dependencies": {
        "tailwindcss": "file:tailwindcss.tgz"
      }
    },
    "node_modules/tailwindcss": {
      "version": "4.0.0-alpha.20",
      "resolved": "file:tailwindcss.tgz",
      "integrity": "sha512-BlNEPI7xonARxqHaNmjWSwBonwu/d8UcVzznUZqekpCIJaWNVlPVqAlOHghSbXju3NHAmUKh6PrMa1ijUMdj+g=="
    }
  }
}
