{
  "name": "auto-content",
  "lockfileVersion": 3,
  "requires": true,
  "packages": {
    "": {
      "dependencies": {
        "@tailwindcss/oxide": "^4.0.0-alpha.30",
        "tailwindcss": "^4.0.0-alpha.30"
      }
    },
    "node_modules/@tailwindcss/oxide": {
      "version": "4.0.0-alpha.30",
      "resolved": "https://registry.npmjs.org/@tailwindcss/oxide/-/oxide-4.0.0-alpha.30.tgz",
      "integrity": "sha512-aH+q+sLQvO2t/mxQqhXlgjg+QOpvzzDlXDFVzT4V8jmUtPm3UpkVtUiZDF6AlxP6uyBSTmucnGOkQlIOyDf2+w==",
      "engines": {
        "node": ">= 10"
      },
      "optionalDependencies": {
        "@tailwindcss/oxide-android-arm64": "4.0.0-alpha.30",
        "@tailwindcss/oxide-darwin-arm64": "4.0.0-alpha.30",
        "@tailwindcss/oxide-darwin-x64": "4.0.0-alpha.30",
        "@tailwindcss/oxide-freebsd-x64": "4.0.0-alpha.30",
        "@tailwindcss/oxide-linux-arm-gnueabihf": "4.0.0-alpha.30",
        "@tailwindcss/oxide-linux-arm64-gnu": "4.0.0-alpha.30",
        "@tailwindcss/oxide-linux-arm64-musl": "4.0.0-alpha.30",
        "@tailwindcss/oxide-linux-x64-gnu": "4.0.0-alpha.30",
        "@tailwindcss/oxide-linux-x64-musl": "4.0.0-alpha.30",
        "@tailwindcss/oxide-win32-x64-msvc": "4.0.0-alpha.30"
      }
    },
    "node_modules/@tailwindcss/oxide-android-arm64": {
      "version": "4.0.0-alpha.30",
      "resolved": "https://registry.npmjs.org/@tailwindcss/oxide-android-arm64/-/oxide-android-arm64-4.0.0-alpha.30.tgz",
      "integrity": "sha512-x28uMkZKYuFCcEZcBrInec5kSRlrd/GdjxA110esxHYtig7C0/cyIlwRI03m4jqS0IlO6eMj4LzLSlj1pgsMpg==",
      "cpu": [
        "arm64"
      ],
      "optional": true,
      "os": [
        "android"
      ],
      "engines": {
        "node": ">= 10"
      }
    },
    "node_modules/@tailwindcss/oxide-darwin-arm64": {
      "version": "4.0.0-alpha.30",
      "resolved": "https://registry.npmjs.org/@tailwindcss/oxide-darwin-arm64/-/oxide-darwin-arm64-4.0.0-alpha.30.tgz",
      "integrity": "sha512-MuNVa6+loTi39ET3HxVXonL47az62MX/S9TX4hSIXKOo84nB3hYascqUnB4ZuyQTQSvwzZPgjLc29TufcezxFw==",
      "cpu": [
        "arm64"
      ],
      "optional": true,
      "os": [
        "darwin"
      ],
      "engines": {
        "node": ">= 10"
      }
    },
    "node_modules/@tailwindcss/oxide-darwin-x64": {
      "version": "4.0.0-alpha.30",
      "resolved": "https://registry.npmjs.org/@tailwindcss/oxide-darwin-x64/-/oxide-darwin-x64-4.0.0-alpha.30.tgz",
      "integrity": "sha512-+kj9hAbzZxq9bvMMNKh8A3FBV6mHS736Y8z4QcBNdZN6+0qBvs2wtACY5oa26E2VZ9ZhKs38NFI2gj1iOhTwjQ==",
      "cpu": [
        "x64"
      ],
      "optional": true,
      "os": [
        "darwin"
      ],
      "engines": {
        "node": ">= 10"
      }
    },
    "node_modules/@tailwindcss/oxide-freebsd-x64": {
      "version": "4.0.0-alpha.30",
      "resolved": "https://registry.npmjs.org/@tailwindcss/oxide-freebsd-x64/-/oxide-freebsd-x64-4.0.0-alpha.30.tgz",
      "integrity": "sha512-ThicD5q5uZnHW6sk4eQXDIwkAUhrHz93ELyZ9tB+0vhCim/wDQWRyhmjWDggRJ7yuUi9PDGqcQkY0JPHFDm/WA==",
      "cpu": [
        "x64"
      ],
      "optional": true,
      "os": [
        "freebsd"
      ],
      "engines": {
        "node": ">= 10"
      }
    },
    "node_modules/@tailwindcss/oxide-linux-arm-gnueabihf": {
      "version": "4.0.0-alpha.30",
      "resolved": "https://registry.npmjs.org/@tailwindcss/oxide-linux-arm-gnueabihf/-/oxide-linux-arm-gnueabihf-4.0.0-alpha.30.tgz",
      "integrity": "sha512-tG9MaQQ+wcRjy3EPpDzQu4/EXyE1JayxQHMOlfI23rrm7SmRToo9XAnweSAMdEbOHtaQHEzVPn3hb4rvCSY0Zw==",
      "cpu": [
        "arm"
      ],
      "optional": true,
      "os": [
        "linux"
      ],
      "engines": {
        "node": ">= 10"
      }
    },
    "node_modules/@tailwindcss/oxide-linux-arm64-gnu": {
      "version": "4.0.0-alpha.30",
      "resolved": "https://registry.npmjs.org/@tailwindcss/oxide-linux-arm64-gnu/-/oxide-linux-arm64-gnu-4.0.0-alpha.30.tgz",
      "integrity": "sha512-/hjhV7dnk3iOhGrXA8sOZepG9UXdtc0kYy/jY56qQEk3O7BW97NFHDXdKbf3Devb2/2kq7u7iUsO8iULMxIlKA==",
      "cpu": [
        "arm64"
      ],
      "optional": true,
      "os": [
        "linux"
      ],
      "engines": {
        "node": ">= 10"
      }
    },
    "node_modules/@tailwindcss/oxide-linux-arm64-musl": {
      "version": "4.0.0-alpha.30",
      "resolved": "https://registry.npmjs.org/@tailwindcss/oxide-linux-arm64-musl/-/oxide-linux-arm64-musl-4.0.0-alpha.30.tgz",
      "integrity": "sha512-ATa4Sp8Q5PUbF3YTMsVOWAKnqGMQsfnpBcYfr6LCEStXl5ZR6cmYdcb6D8GJnWe7dnmiEss/7ou/X3N64Fr/YQ==",
      "cpu": [
        "arm64"
      ],
      "optional": true,
      "os": [
        "linux"
      ],
      "engines": {
        "node": ">= 10"
      }
    },
    "node_modules/@tailwindcss/oxide-linux-x64-gnu": {
      "version": "4.0.0-alpha.30",
      "resolved": "https://registry.npmjs.org/@tailwindcss/oxide-linux-x64-gnu/-/oxide-linux-x64-gnu-4.0.0-alpha.30.tgz",
      "integrity": "sha512-DW3FkPQ3qXL+3hV0i01KR7e0klvoJFUOTwdpw1cJnlLIEjHc1C7y5Etbe+t/DRbYf0rgD8bwUW4Iob0PwtPF+A==",
      "cpu": [
        "x64"
      ],
      "optional": true,
      "os": [
        "linux"
      ],
      "engines": {
        "node": ">= 10"
      }
    },
    "node_modules/@tailwindcss/oxide-linux-x64-musl": {
      "version": "4.0.0-alpha.30",
      "resolved": "https://registry.npmjs.org/@tailwindcss/oxide-linux-x64-musl/-/oxide-linux-x64-musl-4.0.0-alpha.30.tgz",
      "integrity": "sha512-TEHzeAPrn81IgqSj4qfBONWRS5v0A+tEhK3MdagebNgypZeZYfIogNKEmEZ2hUA31hxpaSnIv8YBV64cj61rqw==",
      "cpu": [
        "x64"
      ],
      "optional": true,
      "os": [
        "linux"
      ],
      "engines": {
        "node": ">= 10"
      }
    },
    "node_modules/@tailwindcss/oxide-win32-x64-msvc": {
      "version": "4.0.0-alpha.30",
      "resolved": "https://registry.npmjs.org/@tailwindcss/oxide-win32-x64-msvc/-/oxide-win32-x64-msvc-4.0.0-alpha.30.tgz",
      "integrity": "sha512-SmxTfm5Tluqhl9qOETsTM/tSk7LnV03lHMlgVXtHv8BUmqNKx1ZsJe/wnRHq2P0BvlfRrHiqTH/GRM5q9wewRw==",
      "cpu": [
        "x64"
      ],
      "optional": true,
      "os": [
        "win32"
      ],
      "engines": {
        "node": ">= 10"
      }
    },
    "node_modules/tailwindcss": {
      "version": "4.0.0-alpha.30",
      "resolved": "https://registry.npmjs.org/tailwindcss/-/tailwindcss-4.0.0-alpha.30.tgz",
      "integrity": "sha512-e6OsN8n1nRLca2X8ix1QSa+oZA1IYktHw+epLI07+CeQzbLbIDNJieRdbcctM32TAy3vHKvEgdp0rM1WUbpIMQ=="
    }
  }
}
