{
  "name": "auto-content",
  "lockfileVersion": 3,
  "requires": true,
  "packages": {
    "": {
      "dependencies": {
        "@tailwindcss/oxide": "^4.0.0-beta.10",
        "tailwindcss": "^4.0.0-beta.10"
      }
    },
    "node_modules/@tailwindcss/oxide": {
      "version": "4.0.0-beta.10",
      "resolved": "https://registry.npmjs.org/@tailwindcss/oxide/-/oxide-4.0.0-beta.10.tgz",
      "integrity": "sha512-r6tfUMqtkdX2Bwuhury6/wHfrWK2R8aRHMAVcppCKr1/SE2uIlPCGcOzkuybWlRU9OwjHk1t+dVgEcC0igSZ7g==",
      "license": "MIT",
      "engines": {
        "node": ">= 10"
      },
      "optionalDependencies": {
        "@tailwindcss/oxide-android-arm64": "4.0.0-beta.10",
        "@tailwindcss/oxide-darwin-arm64": "4.0.0-beta.10",
        "@tailwindcss/oxide-darwin-x64": "4.0.0-beta.10",
        "@tailwindcss/oxide-freebsd-x64": "4.0.0-beta.10",
        "@tailwindcss/oxide-linux-arm-gnueabihf": "4.0.0-beta.10",
        "@tailwindcss/oxide-linux-arm64-gnu": "4.0.0-beta.10",
        "@tailwindcss/oxide-linux-arm64-musl": "4.0.0-beta.10",
        "@tailwindcss/oxide-linux-x64-gnu": "4.0.0-beta.10",
        "@tailwindcss/oxide-linux-x64-musl": "4.0.0-beta.10",
        "@tailwindcss/oxide-win32-arm64-msvc": "4.0.0-beta.10",
        "@tailwindcss/oxide-win32-x64-msvc": "4.0.0-beta.10"
      }
    },
    "node_modules/@tailwindcss/oxide-android-arm64": {
      "version": "4.0.0-beta.10",
      "resolved": "https://registry.npmjs.org/@tailwindcss/oxide-android-arm64/-/oxide-android-arm64-4.0.0-beta.10.tgz",
      "integrity": "sha512-wQ3NcFTToQlippJqxNsPtUjkzldcL+RciGvW5tDRGq7yXt/giND292+joshNp55Bi51rXRLXfAU19PV0JP9IGQ==",
      "cpu": [
        "arm64"
      ],
      "license": "MIT",
      "optional": true,
      "os": [
        "android"
      ],
      "engines": {
        "node": ">= 10"
      }
    },
    "node_modules/@tailwindcss/oxide-darwin-arm64": {
      "version": "4.0.0-beta.10",
      "resolved": "https://registry.npmjs.org/@tailwindcss/oxide-darwin-arm64/-/oxide-darwin-arm64-4.0.0-beta.10.tgz",
      "integrity": "sha512-g65kSY1n0AdhhWXchTqmyv+jblDMM+eXM2SJaBidcGicz3wYm0a548i0lVIn3Lt8f72akhftz9YKHaL3riq5AA==",
      "cpu": [
        "arm64"
      ],
      "license": "MIT",
      "optional": true,
      "os": [
        "darwin"
      ],
      "engines": {
        "node": ">= 10"
      }
    },
    "node_modules/@tailwindcss/oxide-darwin-x64": {
      "version": "4.0.0-beta.10",
      "resolved": "https://registry.npmjs.org/@tailwindcss/oxide-darwin-x64/-/oxide-darwin-x64-4.0.0-beta.10.tgz",
      "integrity": "sha512-edQRV1hucPU5pIh1j4pXcqnwdxjme0i4P2tMqBvSTM9UTGQmvxn6/QM2oos7htn3dfgqIkvMBb0y6u1mnBLwKw==",
      "cpu": [
        "x64"
      ],
      "license": "MIT",
      "optional": true,
      "os": [
        "darwin"
      ],
      "engines": {
        "node": ">= 10"
      }
    },
    "node_modules/@tailwindcss/oxide-freebsd-x64": {
      "version": "4.0.0-beta.10",
      "resolved": "https://registry.npmjs.org/@tailwindcss/oxide-freebsd-x64/-/oxide-freebsd-x64-4.0.0-beta.10.tgz",
      "integrity": "sha512-okok/IcX9jh85T9mzLOYGr8996KNm+ZU0t1mwibWvW36jBM0oIfq3TVw3xI3M3OkuYj1XpALfcO4Kr8ZZrt2cw==",
      "cpu": [
        "x64"
      ],
      "license": "MIT",
      "optional": true,
      "os": [
        "freebsd"
      ],
      "engines": {
        "node": ">= 10"
      }
    },
    "node_modules/@tailwindcss/oxide-linux-arm-gnueabihf": {
      "version": "4.0.0-beta.10",
      "resolved": "https://registry.npmjs.org/@tailwindcss/oxide-linux-arm-gnueabihf/-/oxide-linux-arm-gnueabihf-4.0.0-beta.10.tgz",
      "integrity": "sha512-gfjDqO/3fWkKPd2Lv3rj0vW2CMHRmWH50qFJ29vAkhtteg7oPB/NU1Z4K5YkSpul0Pgcfixv6YfPQpzBkrM7Nw==",
      "cpu": [
        "arm"
      ],
      "license": "MIT",
      "optional": true,
      "os": [
        "linux"
      ],
      "engines": {
        "node": ">= 10"
      }
    },
    "node_modules/@tailwindcss/oxide-linux-arm64-gnu": {
      "version": "4.0.0-beta.10",
      "resolved": "https://registry.npmjs.org/@tailwindcss/oxide-linux-arm64-gnu/-/oxide-linux-arm64-gnu-4.0.0-beta.10.tgz",
      "integrity": "sha512-/LgdJ+XBZK5ZgyvxiMEJTrMj36GMEhRGTtuHGJmxJDcvv4VFbCzDmNN8H/YC9dtCF0OEOfsCCQxEeKTfUYIuJg==",
      "cpu": [
        "arm64"
      ],
      "license": "MIT",
      "optional": true,
      "os": [
        "linux"
      ],
      "engines": {
        "node": ">= 10"
      }
    },
    "node_modules/@tailwindcss/oxide-linux-arm64-musl": {
      "version": "4.0.0-beta.10",
      "resolved": "https://registry.npmjs.org/@tailwindcss/oxide-linux-arm64-musl/-/oxide-linux-arm64-musl-4.0.0-beta.10.tgz",
      "integrity": "sha512-pIoXoN6BZ3gDDDBBW2mZtLLNMTB3UW1F/uRGMTuPUYl8cERUlXOYek4v2veCMwzTNf5l4FrgwPm8G5rsx9qNiw==",
      "cpu": [
        "arm64"
      ],
      "license": "MIT",
      "optional": true,
      "os": [
        "linux"
      ],
      "engines": {
        "node": ">= 10"
      }
    },
    "node_modules/@tailwindcss/oxide-linux-x64-gnu": {
      "version": "4.0.0-beta.10",
      "resolved": "https://registry.npmjs.org/@tailwindcss/oxide-linux-x64-gnu/-/oxide-linux-x64-gnu-4.0.0-beta.10.tgz",
      "integrity": "sha512-mVXCIesysMgzU7XerH2VWN6R9LEdr+MUZ1LAvUx1wDcjawMPGWbzjyVWzbRNgWxQLPi71YuFT9hU3Srewfb6dw==",
      "cpu": [
        "x64"
      ],
      "license": "MIT",
      "optional": true,
      "os": [
        "linux"
      ],
      "engines": {
        "node": ">= 10"
      }
    },
    "node_modules/@tailwindcss/oxide-linux-x64-musl": {
      "version": "4.0.0-beta.10",
      "resolved": "https://registry.npmjs.org/@tailwindcss/oxide-linux-x64-musl/-/oxide-linux-x64-musl-4.0.0-beta.10.tgz",
      "integrity": "sha512-TPszoPUQbXTy76kgi38ohCpT9SFMjxHaLKO3z6SUZis2+HURl7H6Z8rS/PlZwNCawv5Dg+UKsYfh1UwvfepXmQ==",
      "cpu": [
        "x64"
      ],
      "license": "MIT",
      "optional": true,
      "os": [
        "linux"
      ],
      "engines": {
        "node": ">= 10"
      }
    },
    "node_modules/@tailwindcss/oxide-win32-arm64-msvc": {
      "version": "4.0.0-beta.10",
      "resolved": "https://registry.npmjs.org/@tailwindcss/oxide-win32-arm64-msvc/-/oxide-win32-arm64-msvc-4.0.0-beta.10.tgz",
      "integrity": "sha512-Gq4bQm1QsaMIX95/zkpnI3J+8CMAgZSWLIYeAq2ehom9AG/Qe9AaT7dDzIzI68uovqwScnKWiJJLo1SfHveoRA==",
      "cpu": [
        "arm64"
      ],
      "license": "MIT",
      "optional": true,
      "os": [
        "win32"
      ],
      "engines": {
        "node": ">= 10"
      }
    },
    "node_modules/@tailwindcss/oxide-win32-x64-msvc": {
      "version": "4.0.0-beta.10",
      "resolved": "https://registry.npmjs.org/@tailwindcss/oxide-win32-x64-msvc/-/oxide-win32-x64-msvc-4.0.0-beta.10.tgz",
      "integrity": "sha512-rzKGE0TvLyADYaAq50oYVGtFXZ9QZEZfeaEqrRdUkK4HMNr5kv66bv7k46JN9260/K8cHp60ISPwLObHloi3zA==",
      "cpu": [
        "x64"
      ],
      "license": "MIT",
      "optional": true,
      "os": [
        "win32"
      ],
      "engines": {
        "node": ">= 10"
      }
    },
    "node_modules/tailwindcss": {
      "version": "4.0.0-beta.10",
      "resolved": "https://registry.npmjs.org/tailwindcss/-/tailwindcss-4.0.0-beta.10.tgz",
      "integrity": "sha512-QphgB58oviLYkSWu74+5S2FU8sREus9wBEzWWi5iSxnBrgzfVFp7pIeAPbQ7gq1WXnbllCipsTjK3yT+Do4y0Q==",
      "license": "MIT"
    }
  }
}
