{
  "name": "dependencies",
  "lockfileVersion": 3,
  "requires": true,
  "packages": {
    "": {
      "dependencies": {
        "tailwindcss": "4.1.15"
      }
    },
    "node_modules/tailwindcss": {
      "version": "4.1.15",
      "resolved": "https://registry.npmjs.org/tailwindcss/-/tailwindcss-4.1.15.tgz",
      "integrity": "sha512-k2WLnWkYFkdpRv+Oby3EBXIyQC8/s1HOFMBUViwtAh6Z5uAozeUSMQlIsn/c6Q2iJzqG6aJT3wdPaRNj70iYxQ==",
      "license": "MIT"
    }
  }
}
