{
	"name": "tailwindcss-language-server",
	"version": "0.0.1",
	"lockfileVersion": 2,
	"requires": true,
	"packages": {
		"": {
			"version": "0.0.1",
			"bin": {
				"tailwindcss-language-server": "bin/tailwindcss-language-server"
			},
			"devDependencies": {
				"@types/vscode": "1.56.0"
			}
		},
		"node_modules/@types/vscode": {
			"version": "1.56.0",
			"resolved": "https://registry.npmjs.org/@types/vscode/-/vscode-1.56.0.tgz",
			"integrity": "sha512-Q5VmQxOx+L1Y6lIJiGcJzwcyV3pQo/eiW8P+7sNLhFI16tJCwtua2DLjHRcpjbCLNVYpQM73kzfFo1Z0HyP9eQ==",
			"dev": true
		}
	},
	"dependencies": {
		"@types/vscode": {
			"version": "1.56.0",
			"resolved": "https://registry.npmjs.org/@types/vscode/-/vscode-1.56.0.tgz",
			"integrity": "sha512-Q5VmQxOx+L1Y6lIJiGcJzwcyV3pQo/eiW8P+7sNLhFI16tJCwtua2DLjHRcpjbCLNVYpQM73kzfFo1Z0HyP9eQ==",
			"dev": true
		}
	}
}
