{
	"name": "@tailwindcss/language-server",
	"version": "0.0.5",
	"lockfileVersion": 2,
	"requires": true,
	"packages": {
		"": {
			"name": "@tailwindcss/language-server",
			"version": "0.0.5",
			"license": "MIT",
			"bin": {
				"tailwindcss-language-server": "bin/tailwindcss-language-server"
			},
			"devDependencies": {
				"postcss": "8.4.5",
				"postcss-selector-parser": "6.0.8"
			}
		},
		"node_modules/cssesc": {
			"version": "3.0.0",
			"resolved": "https://registry.npmjs.org/cssesc/-/cssesc-3.0.0.tgz",
			"integrity": "sha512-/Tb/JcjK111nNScGob5MNtsntNM1aCNUDipB/TkwZFhyDrrE47SOx/18wF2bbjgc3ZzCSKW1T5nt5EbFoAz/Vg==",
			"dev": true,
			"bin": {
				"cssesc": "bin/cssesc"
			},
			"engines": {
				"node": ">=4"
			}
		},
		"node_modules/nanoid": {
			"version": "3.1.30",
			"resolved": "https://registry.npmjs.org/nanoid/-/nanoid-3.1.30.tgz",
			"integrity": "sha512-zJpuPDwOv8D2zq2WRoMe1HsfZthVewpel9CAvTfc/2mBD1uUT/agc5f7GHGWXlYkFvi1mVxe4IjvP2HNrop7nQ==",
			"dev": true,
			"bin": {
				"nanoid": "bin/nanoid.cjs"
			},
			"engines": {
				"node": "^10 || ^12 || ^13.7 || ^14 || >=15.0.1"
			}
		},
		"node_modules/postcss": {
			"version": "8.4.5",
			"resolved": "https://registry.npmjs.org/postcss/-/postcss-8.4.5.tgz",
			"integrity": "sha512-jBDboWM8qpaqwkMwItqTQTiFikhs/67OYVvblFFTM7MrZjt6yMKd6r2kgXizEbTTljacm4NldIlZnhbjr84QYg==",
			"dev": true,
			"dependencies": {
				"nanoid": "^3.1.30",
				"picocolors": "^1.0.0",
				"source-map-js": "^1.0.1"
			},
			"engines": {
				"node": "^10 || ^12 || >=14"
			},
			"funding": {
				"type": "opencollective",
				"url": "https://opencollective.com/postcss/"
			}
		},
		"node_modules/postcss-selector-parser": {
			"version": "6.0.8",
			"resolved": "https://registry.npmjs.org/postcss-selector-parser/-/postcss-selector-parser-6.0.8.tgz",
			"integrity": "sha512-D5PG53d209Z1Uhcc0qAZ5U3t5HagH3cxu+WLZ22jt3gLUpXM4eXXfiO14jiDWST3NNooX/E8wISfOhZ9eIjGTQ==",
			"dev": true,
			"dependencies": {
				"cssesc": "^3.0.0",
				"util-deprecate": "^1.0.2"
			},
			"engines": {
				"node": ">=4"
			}
		},
		"node_modules/postcss-selector-parser/node_modules/util-deprecate": {
			"version": "1.0.2",
			"resolved": "https://registry.npmjs.org/util-deprecate/-/util-deprecate-1.0.2.tgz",
			"integrity": "sha1-RQ1Nyfpw3nMnYvvS1KKJgUGaDM8=",
			"dev": true
		},
		"node_modules/postcss/node_modules/picocolors": {
			"version": "1.0.0",
			"resolved": "https://registry.npmjs.org/picocolors/-/picocolors-1.0.0.tgz",
			"integrity": "sha512-1fygroTLlHu66zi26VoTDv8yRgm0Fccecssto+MhsZ0D/DGW2sm8E8AjW7NU5VVTRt5GxbeZ5qBuJr+HyLYkjQ==",
			"dev": true
		},
		"node_modules/postcss/node_modules/source-map-js": {
			"version": "1.0.1",
			"resolved": "https://registry.npmjs.org/source-map-js/-/source-map-js-1.0.1.tgz",
			"integrity": "sha512-4+TN2b3tqOCd/kaGRJ/sTYA0tR0mdXx26ipdolxcwtJVqEnqNYvlCAt1q3ypy4QMlYus+Zh34RNtYLoq2oQ4IA==",
			"dev": true,
			"engines": {
				"node": ">=0.10.0"
			}
		}
	},
	"dependencies": {
		"cssesc": {
			"version": "3.0.0",
			"resolved": "https://registry.npmjs.org/cssesc/-/cssesc-3.0.0.tgz",
			"integrity": "sha512-/Tb/JcjK111nNScGob5MNtsntNM1aCNUDipB/TkwZFhyDrrE47SOx/18wF2bbjgc3ZzCSKW1T5nt5EbFoAz/Vg==",
			"dev": true
		},
		"nanoid": {
			"version": "3.1.30",
			"resolved": "https://registry.npmjs.org/nanoid/-/nanoid-3.1.30.tgz",
			"integrity": "sha512-zJpuPDwOv8D2zq2WRoMe1HsfZthVewpel9CAvTfc/2mBD1uUT/agc5f7GHGWXlYkFvi1mVxe4IjvP2HNrop7nQ==",
			"dev": true
		},
		"postcss": {
			"version": "8.4.5",
			"resolved": "https://registry.npmjs.org/postcss/-/postcss-8.4.5.tgz",
			"integrity": "sha512-jBDboWM8qpaqwkMwItqTQTiFikhs/67OYVvblFFTM7MrZjt6yMKd6r2kgXizEbTTljacm4NldIlZnhbjr84QYg==",
			"dev": true,
			"requires": {
				"nanoid": "^3.1.30",
				"picocolors": "^1.0.0",
				"source-map-js": "^1.0.1"
			},
			"dependencies": {
				"picocolors": {
					"version": "1.0.0",
					"resolved": "https://registry.npmjs.org/picocolors/-/picocolors-1.0.0.tgz",
					"integrity": "sha512-1fygroTLlHu66zi26VoTDv8yRgm0Fccecssto+MhsZ0D/DGW2sm8E8AjW7NU5VVTRt5GxbeZ5qBuJr+HyLYkjQ==",
					"dev": true
				},
				"source-map-js": {
					"version": "1.0.1",
					"resolved": "https://registry.npmjs.org/source-map-js/-/source-map-js-1.0.1.tgz",
					"integrity": "sha512-4+TN2b3tqOCd/kaGRJ/sTYA0tR0mdXx26ipdolxcwtJVqEnqNYvlCAt1q3ypy4QMlYus+Zh34RNtYLoq2oQ4IA==",
					"dev": true
				}
			}
		},
		"postcss-selector-parser": {
			"version": "6.0.8",
			"resolved": "https://registry.npmjs.org/postcss-selector-parser/-/postcss-selector-parser-6.0.8.tgz",
			"integrity": "sha512-D5PG53d209Z1Uhcc0qAZ5U3t5HagH3cxu+WLZ22jt3gLUpXM4eXXfiO14jiDWST3NNooX/E8wISfOhZ9eIjGTQ==",
			"dev": true,
			"requires": {
				"cssesc": "^3.0.0",
				"util-deprecate": "^1.0.2"
			},
			"dependencies": {
				"util-deprecate": {
					"version": "1.0.2",
					"resolved": "https://registry.npmjs.org/util-deprecate/-/util-deprecate-1.0.2.tgz",
					"integrity": "sha1-RQ1Nyfpw3nMnYvvS1KKJgUGaDM8=",
					"dev": true
				}
			}
		}
	}
}
